{
  "pins" : [
    {
      "identity" : "reductio",
      "kind" : "remoteSourceControl",
      "location" : "https://github.com/RayKitajima/Reductio.git",
      "state" : {
        "revision" : "d6e150c7cfbd49d1881e49af12a88f39e2efc789",
        "version" : "1.4.12"
      }
    },
    {
      "identity" : "swiftsoup",
      "kind" : "remoteSourceControl",
      "location" : "https://github.com/scinfu/SwiftSoup.git",
      "state" : {
        "revision" : "f707b8680cddb96dc1855632340a572ef37bbb98",
        "version" : "2.5.3"
      }
    }
  ],
  "version" : 2
}
